{
  "name": "yarn4-nodejs22-ubil9-minimal",
  "version": "1.0.0",
  "lockfileVersion": 3,
  "requires": true,
  "packages": {
    "": {
      "name": "yarn4-nodejs22-ubil9-minimal",
      "version": "1.0.0",
      "dependencies": {
        "@yarnpkg/cli-dist": "4.6.0"
      }
    },
    "node_modules/@yarnpkg/cli-dist": {
      "version": "4.6.0",
      "resolved": "https://registry.npmjs.org/@yarnpkg/cli-dist/-/cli-dist-4.6.0.tgz",
      "integrity": "sha512-ox0MJJkxtma1kAzIsSboShQQOvyvef0TbmCo9ecrBpPaZ9exd/71IEZmjbHjAir8GAiiOw7B394aAsqfWEFZug==",
      "license": "BSD-2-Clause",
      "bin": {
        "yarn": "bin/yarn.js",
        "yarnpkg": "bin/yarn.js"
      },
      "engines": {
        "node": ">=18.12.0"
      }
    }
  }
}
