---
lockfileVersion: 1
lockfileVendor: redhat
arches:
- arch: aarch64
  packages:
  - url: https://cdn-ubi.redhat.com/content/public/ubi/dist/ubi8/8/aarch64/appstream/os/Packages/g/git-2.43.7-1.el8_10.aarch64.rpm
    repoid: ubi-8-for-aarch64-appstream-rpms
    size: 94860
    checksum: sha256:360e8689c9a9f5c286b4428a3c46f7017eea21751a9499ae168462a41e1e17a0
    name: git
    evr: 2.43.7-1.el8_10
    sourcerpm: git-2.43.7-1.el8_10.src.rpm
  - url: https://cdn-ubi.redhat.com/content/public/ubi/dist/ubi8/8/aarch64/appstream/os/Packages/g/git-core-2.43.7-1.el8_10.aarch64.rpm
    repoid: ubi-8-for-aarch64-appstream-rpms
    size: 11216788
    checksum: sha256:d23f02a074c97383eda8f833f8a3f1916b4b1c55ba5149d0cbfd4ee69254d471
    name: git-core
    evr: 2.43.7-1.el8_10
    sourcerpm: git-2.43.7-1.el8_10.src.rpm
  - url: https://cdn-ubi.redhat.com/content/public/ubi/dist/ubi8/8/aarch64/appstream/os/Packages/g/git-core-doc-2.43.7-1.el8_10.noarch.rpm
    repoid: ubi-8-for-aarch64-appstream-rpms
    size: 3216756
    checksum: sha256:09202aba03724180992d4cb6a3c617423ee25dc61f2c162990a25d7781977058
    name: git-core-doc
    evr: 2.43.7-1.el8_10
    sourcerpm: git-2.43.7-1.el8_10.src.rpm
  - url: https://cdn-ubi.redhat.com/content/public/ubi/dist/ubi8/8/aarch64/appstream/os/Packages/p/perl-Error-0.17025-2.el8.noarch.rpm
    repoid: ubi-8-for-aarch64-appstream-rpms
    size: 47160
    checksum: sha256:a6ba7653293a529eddb0245935f26091e2fef58e1d479297056e78a4424acd92
    name: perl-Error
    evr: 1:0.17025-2.el8
    sourcerpm: perl-Error-0.17025-2.el8.src.rpm
  - url: https://cdn-ubi.redhat.com/content/public/ubi/dist/ubi8/8/aarch64/appstream/os/Packages/p/perl-Git-2.43.7-1.el8_10.noarch.rpm
    repoid: ubi-8-for-aarch64-appstream-rpms
    size: 81136
    checksum: sha256:cc2b622933dabf0579711ce3fdccfd5b485483b8b0f8ed4dc2df3d59842ba735
    name: perl-Git
    evr: 2.43.7-1.el8_10
    sourcerpm: git-2.43.7-1.el8_10.src.rpm
  - url: https://cdn-ubi.redhat.com/content/public/ubi/dist/ubi8/8/aarch64/appstream/os/Packages/p/perl-TermReadKey-2.37-7.el8.aarch64.rpm
    repoid: ubi-8-for-aarch64-appstream-rpms
    size: 40824
    checksum: sha256:0730f7dbf64d2b608716d14affb23beedbc7449d01901331439b61acf606004a
    name: perl-TermReadKey
    evr: 2.37-7.el8
    sourcerpm: perl-TermReadKey-2.37-7.el8.src.rpm
  - url: https://cdn-ubi.redhat.com/content/public/ubi/dist/ubi8/8/aarch64/baseos/os/Packages/l/libedit-3.1-23.20170329cvs.el8.aarch64.rpm
    repoid: ubi-8-for-aarch64-baseos-rpms
    size: 101124
    checksum: sha256:b93a509fc65dd88761b4f7f21d8a05f1cd22e878ac59eb7d8e1507f5a2376a1e
    name: libedit
    evr: 3.1-23.20170329cvs.el8
    sourcerpm: libedit-3.1-23.20170329cvs.el8.src.rpm
  - url: https://cdn-ubi.redhat.com/content/public/ubi/dist/ubi8/8/aarch64/baseos/os/Packages/o/openssh-8.0p1-26.el8_10.aarch64.rpm
    repoid: ubi-8-for-aarch64-baseos-rpms
    size: 502032
    checksum: sha256:62218045aa14e11e9a20658bf1544532e5376409e6e59a0e80456bac66e7e51e
    name: openssh
    evr: 8.0p1-26.el8_10
    sourcerpm: openssh-8.0p1-26.el8_10.src.rpm
  - url: https://cdn-ubi.redhat.com/content/public/ubi/dist/ubi8/8/aarch64/baseos/os/Packages/o/openssh-clients-8.0p1-26.el8_10.aarch64.rpm
    repoid: ubi-8-for-aarch64-baseos-rpms
    size: 642908
    checksum: sha256:c58de07e793ac839d3dced06b08192834af7c64623736db2abbf1f62e287f25c
    name: openssh-clients
    evr: 8.0p1-26.el8_10
    sourcerpm: openssh-8.0p1-26.el8_10.src.rpm
  source: []
  module_metadata: []
- arch: ppc64le
  packages:
  - url: https://cdn-ubi.redhat.com/content/public/ubi/dist/ubi8/8/ppc64le/appstream/os/Packages/g/git-2.43.7-1.el8_10.ppc64le.rpm
    repoid: ubi-8-for-ppc64le-appstream-rpms
    size: 94860
    checksum: sha256:82c5a684aa3de13e7bba7e0c544351036599d864a55326a3832e209f3d13b935
    name: git
    evr: 2.43.7-1.el8_10
    sourcerpm: git-2.43.7-1.el8_10.src.rpm
  - url: https://cdn-ubi.redhat.com/content/public/ubi/dist/ubi8/8/ppc64le/appstream/os/Packages/g/git-core-2.43.7-1.el8_10.ppc64le.rpm
    repoid: ubi-8-for-ppc64le-appstream-rpms
    size: 13149784
    checksum: sha256:2b64e0733bb2e2098121db7b1d6f2f86f8053261f4e0cd40e977f64a0c49fb91
    name: git-core
    evr: 2.43.7-1.el8_10
    sourcerpm: git-2.43.7-1.el8_10.src.rpm
  - url: https://cdn-ubi.redhat.com/content/public/ubi/dist/ubi8/8/ppc64le/appstream/os/Packages/g/git-core-doc-2.43.7-1.el8_10.noarch.rpm
    repoid: ubi-8-for-ppc64le-appstream-rpms
    size: 3216756
    checksum: sha256:09202aba03724180992d4cb6a3c617423ee25dc61f2c162990a25d7781977058
    name: git-core-doc
    evr: 2.43.7-1.el8_10
    sourcerpm: git-2.43.7-1.el8_10.src.rpm
  - url: https://cdn-ubi.redhat.com/content/public/ubi/dist/ubi8/8/ppc64le/appstream/os/Packages/p/perl-Error-0.17025-2.el8.noarch.rpm
    repoid: ubi-8-for-ppc64le-appstream-rpms
    size: 47160
    checksum: sha256:a6ba7653293a529eddb0245935f26091e2fef58e1d479297056e78a4424acd92
    name: perl-Error
    evr: 1:0.17025-2.el8
    sourcerpm: perl-Error-0.17025-2.el8.src.rpm
  - url: https://cdn-ubi.redhat.com/content/public/ubi/dist/ubi8/8/ppc64le/appstream/os/Packages/p/perl-Git-2.43.7-1.el8_10.noarch.rpm
    repoid: ubi-8-for-ppc64le-appstream-rpms
    size: 81136
    checksum: sha256:cc2b622933dabf0579711ce3fdccfd5b485483b8b0f8ed4dc2df3d59842ba735
    name: perl-Git
    evr: 2.43.7-1.el8_10
    sourcerpm: git-2.43.7-1.el8_10.src.rpm
  - url: https://cdn-ubi.redhat.com/content/public/ubi/dist/ubi8/8/ppc64le/appstream/os/Packages/p/perl-TermReadKey-2.37-7.el8.ppc64le.rpm
    repoid: ubi-8-for-ppc64le-appstream-rpms
    size: 42972
    checksum: sha256:c39803f28ce1946f2c7d901e65768f47ee6db7258d88b0799c3d102986a3245f
    name: perl-TermReadKey
    evr: 2.37-7.el8
    sourcerpm: perl-TermReadKey-2.37-7.el8.src.rpm
  - url: https://cdn-ubi.redhat.com/content/public/ubi/dist/ubi8/8/ppc64le/baseos/os/Packages/l/libedit-3.1-23.20170329cvs.el8.ppc64le.rpm
    repoid: ubi-8-for-ppc64le-baseos-rpms
    size: 112464
    checksum: sha256:7f8760b668bc465f9e538da9bfa281d1c881d05611ba54a0ac38a97338694ce2
    name: libedit
    evr: 3.1-23.20170329cvs.el8
    sourcerpm: libedit-3.1-23.20170329cvs.el8.src.rpm
  - url: https://cdn-ubi.redhat.com/content/public/ubi/dist/ubi8/8/ppc64le/baseos/os/Packages/o/openssh-8.0p1-26.el8_10.ppc64le.rpm
    repoid: ubi-8-for-ppc64le-baseos-rpms
    size: 535800
    checksum: sha256:f1569cc43116ed43b49ed93f1724d695be285f58a4e9258efe78164c53f2ab48
    name: openssh
    evr: 8.0p1-26.el8_10
    sourcerpm: openssh-8.0p1-26.el8_10.src.rpm
  - url: https://cdn-ubi.redhat.com/content/public/ubi/dist/ubi8/8/ppc64le/baseos/os/Packages/o/openssh-clients-8.0p1-26.el8_10.ppc64le.rpm
    repoid: ubi-8-for-ppc64le-baseos-rpms
    size: 705696
    checksum: sha256:b029695f5b66b2c01464fcc20455173de899b707104bd51930e0eb8e7ff6f0cd
    name: openssh-clients
    evr: 8.0p1-26.el8_10
    sourcerpm: openssh-8.0p1-26.el8_10.src.rpm
  source: []
  module_metadata: []
- arch: s390x
  packages:
  - url: https://cdn-ubi.redhat.com/content/public/ubi/dist/ubi8/8/s390x/appstream/os/Packages/g/git-2.43.7-1.el8_10.s390x.rpm
    repoid: ubi-8-for-s390x-appstream-rpms
    size: 94880
    checksum: sha256:11cb5de7f2c20cf19598ed25573c5c770e1f2111b6fb8ce2aec43069071e3fb8
    name: git
    evr: 2.43.7-1.el8_10
    sourcerpm: git-2.43.7-1.el8_10.src.rpm
  - url: https://cdn-ubi.redhat.com/content/public/ubi/dist/ubi8/8/s390x/appstream/os/Packages/g/git-core-2.43.7-1.el8_10.s390x.rpm
    repoid: ubi-8-for-s390x-appstream-rpms
    size: 11034972
    checksum: sha256:713ab39f22985d648d355541b3331ef10d0536910071561fae19f4950c95ba84
    name: git-core
    evr: 2.43.7-1.el8_10
    sourcerpm: git-2.43.7-1.el8_10.src.rpm
  - url: https://cdn-ubi.redhat.com/content/public/ubi/dist/ubi8/8/s390x/appstream/os/Packages/g/git-core-doc-2.43.7-1.el8_10.noarch.rpm
    repoid: ubi-8-for-s390x-appstream-rpms
    size: 3216756
    checksum: sha256:09202aba03724180992d4cb6a3c617423ee25dc61f2c162990a25d7781977058
    name: git-core-doc
    evr: 2.43.7-1.el8_10
    sourcerpm: git-2.43.7-1.el8_10.src.rpm
  - url: https://cdn-ubi.redhat.com/content/public/ubi/dist/ubi8/8/s390x/appstream/os/Packages/p/perl-Error-0.17025-2.el8.noarch.rpm
    repoid: ubi-8-for-s390x-appstream-rpms
    size: 47160
    checksum: sha256:a6ba7653293a529eddb0245935f26091e2fef58e1d479297056e78a4424acd92
    name: perl-Error
    evr: 1:0.17025-2.el8
    sourcerpm: perl-Error-0.17025-2.el8.src.rpm
  - url: https://cdn-ubi.redhat.com/content/public/ubi/dist/ubi8/8/s390x/appstream/os/Packages/p/perl-Git-2.43.7-1.el8_10.noarch.rpm
    repoid: ubi-8-for-s390x-appstream-rpms
    size: 81136
    checksum: sha256:cc2b622933dabf0579711ce3fdccfd5b485483b8b0f8ed4dc2df3d59842ba735
    name: perl-Git
    evr: 2.43.7-1.el8_10
    sourcerpm: git-2.43.7-1.el8_10.src.rpm
  - url: https://cdn-ubi.redhat.com/content/public/ubi/dist/ubi8/8/s390x/appstream/os/Packages/p/perl-TermReadKey-2.37-7.el8.s390x.rpm
    repoid: ubi-8-for-s390x-appstream-rpms
    size: 40184
    checksum: sha256:26219fa130713bece304833e8c917b8050563accdf48841c03269ece91501a62
    name: perl-TermReadKey
    evr: 2.37-7.el8
    sourcerpm: perl-TermReadKey-2.37-7.el8.src.rpm
  - url: https://cdn-ubi.redhat.com/content/public/ubi/dist/ubi8/8/s390x/baseos/os/Packages/l/libedit-3.1-23.20170329cvs.el8.s390x.rpm
    repoid: ubi-8-for-s390x-baseos-rpms
    size: 101176
    checksum: sha256:9a2e49109984bfe36d34cc1815a6aee230a2d8bb3c13b03763a367216af34d67
    name: libedit
    evr: 3.1-23.20170329cvs.el8
    sourcerpm: libedit-3.1-23.20170329cvs.el8.src.rpm
  - url: https://cdn-ubi.redhat.com/content/public/ubi/dist/ubi8/8/s390x/baseos/os/Packages/o/openssh-8.0p1-26.el8_10.s390x.rpm
    repoid: ubi-8-for-s390x-baseos-rpms
    size: 524336
    checksum: sha256:ba3d00e669aff2209202b28171257e6188c061fd3da01d2855599acd8a9d7633
    name: openssh
    evr: 8.0p1-26.el8_10
    sourcerpm: openssh-8.0p1-26.el8_10.src.rpm
  - url: https://cdn-ubi.redhat.com/content/public/ubi/dist/ubi8/8/s390x/baseos/os/Packages/o/openssh-clients-8.0p1-26.el8_10.s390x.rpm
    repoid: ubi-8-for-s390x-baseos-rpms
    size: 708680
    checksum: sha256:e1c82a2e3e6fcde0710edc1186e8332a534b5589dce979397b31dbbfe0d33ed2
    name: openssh-clients
    evr: 8.0p1-26.el8_10
    sourcerpm: openssh-8.0p1-26.el8_10.src.rpm
  source: []
  module_metadata: []
- arch: x86_64
  packages:
  - url: https://cdn-ubi.redhat.com/content/public/ubi/dist/ubi8/8/x86_64/appstream/os/Packages/g/git-2.43.7-1.el8_10.x86_64.rpm
    repoid: ubi-8-for-x86_64-appstream-rpms
    size: 94884
    checksum: sha256:c9c97b1e34949a29e3ef951f9f91d583cc6e5859cd3028995ac3095b2f5051db
    name: git
    evr: 2.43.7-1.el8_10
    sourcerpm: git-2.43.7-1.el8_10.src.rpm
  - url: https://cdn-ubi.redhat.com/content/public/ubi/dist/ubi8/8/x86_64/appstream/os/Packages/g/git-core-2.43.7-1.el8_10.x86_64.rpm
    repoid: ubi-8-for-x86_64-appstream-rpms
    size: 11631124
    checksum: sha256:51124ac7ed4c97b5a62a34a3b5e6139a3012d8fd516d3d56bc83490b19aa6bc9
    name: git-core
    evr: 2.43.7-1.el8_10
    sourcerpm: git-2.43.7-1.el8_10.src.rpm
  - url: https://cdn-ubi.redhat.com/content/public/ubi/dist/ubi8/8/x86_64/appstream/os/Packages/g/git-core-doc-2.43.7-1.el8_10.noarch.rpm
    repoid: ubi-8-for-x86_64-appstream-rpms
    size: 3216756
    checksum: sha256:09202aba03724180992d4cb6a3c617423ee25dc61f2c162990a25d7781977058
    name: git-core-doc
    evr: 2.43.7-1.el8_10
    sourcerpm: git-2.43.7-1.el8_10.src.rpm
  - url: https://cdn-ubi.redhat.com/content/public/ubi/dist/ubi8/8/x86_64/appstream/os/Packages/p/perl-Error-0.17025-2.el8.noarch.rpm
    repoid: ubi-8-for-x86_64-appstream-rpms
    size: 47160
    checksum: sha256:a6ba7653293a529eddb0245935f26091e2fef58e1d479297056e78a4424acd92
    name: perl-Error
    evr: 1:0.17025-2.el8
    sourcerpm: perl-Error-0.17025-2.el8.src.rpm
  - url: https://cdn-ubi.redhat.com/content/public/ubi/dist/ubi8/8/x86_64/appstream/os/Packages/p/perl-Git-2.43.7-1.el8_10.noarch.rpm
    repoid: ubi-8-for-x86_64-appstream-rpms
    size: 81136
    checksum: sha256:cc2b622933dabf0579711ce3fdccfd5b485483b8b0f8ed4dc2df3d59842ba735
    name: perl-Git
    evr: 2.43.7-1.el8_10
    sourcerpm: git-2.43.7-1.el8_10.src.rpm
  - url: https://cdn-ubi.redhat.com/content/public/ubi/dist/ubi8/8/x86_64/appstream/os/Packages/p/perl-TermReadKey-2.37-7.el8.x86_64.rpm
    repoid: ubi-8-for-x86_64-appstream-rpms
    size: 41200
    checksum: sha256:ea22b60430f762e2b8e2d5697522af1aa937ea0b933c6dbe5b5a8ca4f2b7dbd6
    name: perl-TermReadKey
    evr: 2.37-7.el8
    sourcerpm: perl-TermReadKey-2.37-7.el8.src.rpm
  - url: https://cdn-ubi.redhat.com/content/public/ubi/dist/ubi8/8/x86_64/baseos/os/Packages/l/libedit-3.1-23.20170329cvs.el8.x86_64.rpm
    repoid: ubi-8-for-x86_64-baseos-rpms
    size: 104512
    checksum: sha256:0391105afa53c9503b59591615bd7c98e2f7a4cd94ff4fd1451c4234522f3880
    name: libedit
    evr: 3.1-23.20170329cvs.el8
    sourcerpm: libedit-3.1-23.20170329cvs.el8.src.rpm
  - url: https://cdn-ubi.redhat.com/content/public/ubi/dist/ubi8/8/x86_64/baseos/os/Packages/o/openssh-8.0p1-26.el8_10.x86_64.rpm
    repoid: ubi-8-for-x86_64-baseos-rpms
    size: 537472
    checksum: sha256:b489b3736df71503ca20b3f510e546f5d723bcb919994d54e8e8179956ca58ac
    name: openssh
    evr: 8.0p1-26.el8_10
    sourcerpm: openssh-8.0p1-26.el8_10.src.rpm
  - url: https://cdn-ubi.redhat.com/content/public/ubi/dist/ubi8/8/x86_64/baseos/os/Packages/o/openssh-clients-8.0p1-26.el8_10.x86_64.rpm
    repoid: ubi-8-for-x86_64-baseos-rpms
    size: 661048
    checksum: sha256:14bb4b83e3e8cb25945063c06c396058453f2273b4b9079606dfa3f9f517ea08
    name: openssh-clients
    evr: 8.0p1-26.el8_10
    sourcerpm: openssh-8.0p1-26.el8_10.src.rpm
  source: []
  module_metadata: []
